
Microsoft Visual Studio Solution File, Format Version 12.00
# Visual Studio Version 16
VisualStudioVersion = 16.0.31729.503
MinimumVisualStudioVersion = 10.0.40219.1
Project("{9A19103F-16F7-4668-BE54-9A1E7A4F7556}") = "APIGateway", "APIGateway\APIGateway.csproj", "{20742F8C-7231-4413-85A7-784C13E825A7}"
EndProject
Project("{9A19103F-16F7-4668-BE54-9A1E7A4F7556}") = "CustomersAPIServices", "CustomersAPIServices\CustomersAPIServices.csproj", "{06D64885-3DF2-4AEC-AF26-3DD2819FADE4}"
EndProject
Project("{9A19103F-16F7-4668-BE54-9A1E7A4F7556}") = "ProductsAPIServices", "ProductsAPIServices\ProductsAPIServices.csproj", "{2493C7E3-B855-47E2-B96A-25E031B3BB2B}"
EndProject
Project("{FAE04EC0-301F-11D3-BF4B-00C04F79EFBC}") = "AdminAPIServices", "AdminAPIServices\AdminAPIServices.csproj", "{2D64B32B-1F7D-4F35-83FA-12DB5A5D95EB}"
EndProject
Project("{FAE04EC0-301F-11D3-BF4B-00C04F79EFBC}") = "UserAPIServices", "UserAPIServices\UserAPIServices.csproj", "{8D16C047-6706-4C95-B9EF-17E82ADD9A30}"
EndProject
Global
	GlobalSection(SolutionConfigurationPlatforms) = preSolution
		Debug|Any CPU = Debug|Any CPU
		Release|Any CPU = Release|Any CPU
	EndGlobalSection
	GlobalSection(ProjectConfigurationPlatforms) = postSolution
		{20742F8C-7231-4413-85A7-784C13E825A7}.Debug|Any CPU.ActiveCfg = Debug|Any CPU
		{20742F8C-7231-4413-85A7-784C13E825A7}.Debug|Any CPU.Build.0 = Debug|Any CPU
		{20742F8C-7231-4413-85A7-784C13E825A7}.Release|Any CPU.ActiveCfg = Release|Any CPU
		{20742F8C-7231-4413-85A7-784C13E825A7}.Release|Any CPU.Build.0 = Release|Any CPU
		{06D64885-3DF2-4AEC-AF26-3DD2819FADE4}.Debug|Any CPU.ActiveCfg = Debug|Any CPU
		{06D64885-3DF2-4AEC-AF26-3DD2819FADE4}.Debug|Any CPU.Build.0 = Debug|Any CPU
		{06D64885-3DF2-4AEC-AF26-3DD2819FADE4}.Release|Any CPU.ActiveCfg = Release|Any CPU
		{06D64885-3DF2-4AEC-AF26-3DD2819FADE4}.Release|Any CPU.Build.0 = Release|Any CPU
		{2493C7E3-B855-47E2-B96A-25E031B3BB2B}.Debug|Any CPU.ActiveCfg = Debug|Any CPU
		{2493C7E3-B855-47E2-B96A-25E031B3BB2B}.Debug|Any CPU.Build.0 = Debug|Any CPU
		{2493C7E3-B855-47E2-B96A-25E031B3BB2B}.Release|Any CPU.ActiveCfg = Release|Any CPU
		{2493C7E3-B855-47E2-B96A-25E031B3BB2B}.Release|Any CPU.Build.0 = Release|Any CPU
		{2D64B32B-1F7D-4F35-83FA-12DB5A5D95EB}.Debug|Any CPU.ActiveCfg = Debug|Any CPU
		{2D64B32B-1F7D-4F35-83FA-12DB5A5D95EB}.Debug|Any CPU.Build.0 = Debug|Any CPU
		{2D64B32B-1F7D-4F35-83FA-12DB5A5D95EB}.Release|Any CPU.ActiveCfg = Release|Any CPU
		{2D64B32B-1F7D-4F35-83FA-12DB5A5D95EB}.Release|Any CPU.Build.0 = Release|Any CPU
		{8D16C047-6706-4C95-B9EF-17E82ADD9A30}.Debug|Any CPU.ActiveCfg = Debug|Any CPU
		{8D16C047-6706-4C95-B9EF-17E82ADD9A30}.Debug|Any CPU.Build.0 = Debug|Any CPU
		{8D16C047-6706-4C95-B9EF-17E82ADD9A30}.Release|Any CPU.ActiveCfg = Release|Any CPU
		{8D16C047-6706-4C95-B9EF-17E82ADD9A30}.Release|Any CPU.Build.0 = Release|Any CPU
	EndGlobalSection
	GlobalSection(SolutionProperties) = preSolution
		HideSolutionNode = FALSE
	EndGlobalSection
	GlobalSection(ExtensibilityGlobals) = postSolution
		SolutionGuid = {A4E574F1-23B4-4FA3-BE74-F12E8AE4CC1A}
	EndGlobalSection
EndGlobal
